
Microsoft Visual Studio Solution File, Format Version 12.00
# Visual Studio Version 16
VisualStudioVersion = 16.0.29728.190
MinimumVisualStudioVersion = 10.0.40219.1
Project("{FAE04EC0-301F-11D3-BF4B-00C04F79EFBC}") = "Thresher", "Thresher\Thresher.csproj", "{0D27F870-9701-4E3A-B2C6-EE2D7949958B}"
EndProject
Project("{FAE04EC0-301F-11D3-BF4B-00C04F79EFBC}") = "Copy", "..\tests\Performance\Copy\Copy.csproj", "{5D14F76F-B45A-44F1-BD06-E82CC5DCAE74}"
EndProject
Project("{FAE04EC0-301F-11D3-BF4B-00C04F79EFBC}") = "Vectors", "..\tests\Performance\Vectors\Vectors.csproj", "{6006A161-AA4A-47B5-9A49-BB3A423EC779}"
EndProject
Global
	GlobalSection(SolutionConfigurationPlatforms) = preSolution
		Debug|Any CPU = Debug|Any CPU
		Debug|x64 = Debug|x64
		Debug|x86 = Debug|x86
		Release|Any CPU = Release|Any CPU
		Release|x64 = Release|x64
		Release|x86 = Release|x86
		ReleaseNPFE|Any CPU = ReleaseNPFE|Any CPU
		ReleaseNPFE|x64 = ReleaseNPFE|x64
		ReleaseNPFE|x86 = ReleaseNPFE|x86
	EndGlobalSection
	GlobalSection(ProjectConfigurationPlatforms) = postSolution
		{0D27F870-9701-4E3A-B2C6-EE2D7949958B}.Debug|Any CPU.ActiveCfg = Debug|Any CPU
		{0D27F870-9701-4E3A-B2C6-EE2D7949958B}.Debug|Any CPU.Build.0 = Debug|Any CPU
		{0D27F870-9701-4E3A-B2C6-EE2D7949958B}.Debug|x64.ActiveCfg = Debug|Any CPU
		{0D27F870-9701-4E3A-B2C6-EE2D7949958B}.Debug|x64.Build.0 = Debug|Any CPU
		{0D27F870-9701-4E3A-B2C6-EE2D7949958B}.Debug|x86.ActiveCfg = Debug|Any CPU
		{0D27F870-9701-4E3A-B2C6-EE2D7949958B}.Debug|x86.Build.0 = Debug|Any CPU
		{0D27F870-9701-4E3A-B2C6-EE2D7949958B}.Release|Any CPU.ActiveCfg = Release|Any CPU
		{0D27F870-9701-4E3A-B2C6-EE2D7949958B}.Release|Any CPU.Build.0 = Release|Any CPU
		{0D27F870-9701-4E3A-B2C6-EE2D7949958B}.Release|x64.ActiveCfg = Release|Any CPU
		{0D27F870-9701-4E3A-B2C6-EE2D7949958B}.Release|x64.Build.0 = Release|Any CPU
		{0D27F870-9701-4E3A-B2C6-EE2D7949958B}.Release|x86.ActiveCfg = Release|Any CPU
		{0D27F870-9701-4E3A-B2C6-EE2D7949958B}.Release|x86.Build.0 = Release|Any CPU
		{0D27F870-9701-4E3A-B2C6-EE2D7949958B}.ReleaseNPFE|Any CPU.ActiveCfg = Release|Any CPU
		{0D27F870-9701-4E3A-B2C6-EE2D7949958B}.ReleaseNPFE|Any CPU.Build.0 = Release|Any CPU
		{0D27F870-9701-4E3A-B2C6-EE2D7949958B}.ReleaseNPFE|x64.ActiveCfg = Release|Any CPU
		{0D27F870-9701-4E3A-B2C6-EE2D7949958B}.ReleaseNPFE|x64.Build.0 = Release|Any CPU
		{0D27F870-9701-4E3A-B2C6-EE2D7949958B}.ReleaseNPFE|x86.ActiveCfg = Release|Any CPU
		{0D27F870-9701-4E3A-B2C6-EE2D7949958B}.ReleaseNPFE|x86.Build.0 = Release|Any CPU
		{5D14F76F-B45A-44F1-BD06-E82CC5DCAE74}.Debug|Any CPU.ActiveCfg = Debug|Any CPU
		{5D14F76F-B45A-44F1-BD06-E82CC5DCAE74}.Debug|Any CPU.Build.0 = Debug|Any CPU
		{5D14F76F-B45A-44F1-BD06-E82CC5DCAE74}.Debug|x64.ActiveCfg = Debug|Any CPU
		{5D14F76F-B45A-44F1-BD06-E82CC5DCAE74}.Debug|x64.Build.0 = Debug|Any CPU
		{5D14F76F-B45A-44F1-BD06-E82CC5DCAE74}.Debug|x86.ActiveCfg = Debug|Any CPU
		{5D14F76F-B45A-44F1-BD06-E82CC5DCAE74}.Debug|x86.Build.0 = Debug|Any CPU
		{5D14F76F-B45A-44F1-BD06-E82CC5DCAE74}.Release|Any CPU.ActiveCfg = Release|Any CPU
		{5D14F76F-B45A-44F1-BD06-E82CC5DCAE74}.Release|Any CPU.Build.0 = Release|Any CPU
		{5D14F76F-B45A-44F1-BD06-E82CC5DCAE74}.Release|x64.ActiveCfg = Release|Any CPU
		{5D14F76F-B45A-44F1-BD06-E82CC5DCAE74}.Release|x64.Build.0 = Release|Any CPU
		{5D14F76F-B45A-44F1-BD06-E82CC5DCAE74}.Release|x86.ActiveCfg = Release|Any CPU
		{5D14F76F-B45A-44F1-BD06-E82CC5DCAE74}.Release|x86.Build.0 = Release|Any CPU
		{5D14F76F-B45A-44F1-BD06-E82CC5DCAE74}.ReleaseNPFE|Any CPU.ActiveCfg = Release|Any CPU
		{5D14F76F-B45A-44F1-BD06-E82CC5DCAE74}.ReleaseNPFE|Any CPU.Build.0 = Release|Any CPU
		{5D14F76F-B45A-44F1-BD06-E82CC5DCAE74}.ReleaseNPFE|x64.ActiveCfg = Release|Any CPU
		{5D14F76F-B45A-44F1-BD06-E82CC5DCAE74}.ReleaseNPFE|x64.Build.0 = Release|Any CPU
		{5D14F76F-B45A-44F1-BD06-E82CC5DCAE74}.ReleaseNPFE|x86.ActiveCfg = Release|Any CPU
		{5D14F76F-B45A-44F1-BD06-E82CC5DCAE74}.ReleaseNPFE|x86.Build.0 = Release|Any CPU
		{6006A161-AA4A-47B5-9A49-BB3A423EC779}.Debug|Any CPU.ActiveCfg = Debug|Any CPU
		{6006A161-AA4A-47B5-9A49-BB3A423EC779}.Debug|Any CPU.Build.0 = Debug|Any CPU
		{6006A161-AA4A-47B5-9A49-BB3A423EC779}.Debug|x64.ActiveCfg = Debug|Any CPU
		{6006A161-AA4A-47B5-9A49-BB3A423EC779}.Debug|x64.Build.0 = Debug|Any CPU
		{6006A161-AA4A-47B5-9A49-BB3A423EC779}.Debug|x86.ActiveCfg = Debug|Any CPU
		{6006A161-AA4A-47B5-9A49-BB3A423EC779}.Debug|x86.Build.0 = Debug|Any CPU
		{6006A161-AA4A-47B5-9A49-BB3A423EC779}.Release|Any CPU.ActiveCfg = Release|Any CPU
		{6006A161-AA4A-47B5-9A49-BB3A423EC779}.Release|Any CPU.Build.0 = Release|Any CPU
		{6006A161-AA4A-47B5-9A49-BB3A423EC779}.Release|x64.ActiveCfg = Release|Any CPU
		{6006A161-AA4A-47B5-9A49-BB3A423EC779}.Release|x64.Build.0 = Release|Any CPU
		{6006A161-AA4A-47B5-9A49-BB3A423EC779}.Release|x86.ActiveCfg = Release|Any CPU
		{6006A161-AA4A-47B5-9A49-BB3A423EC779}.Release|x86.Build.0 = Release|Any CPU
		{6006A161-AA4A-47B5-9A49-BB3A423EC779}.ReleaseNPFE|Any CPU.ActiveCfg = Release|Any CPU
		{6006A161-AA4A-47B5-9A49-BB3A423EC779}.ReleaseNPFE|Any CPU.Build.0 = Release|Any CPU
		{6006A161-AA4A-47B5-9A49-BB3A423EC779}.ReleaseNPFE|x64.ActiveCfg = Release|Any CPU
		{6006A161-AA4A-47B5-9A49-BB3A423EC779}.ReleaseNPFE|x64.Build.0 = Release|Any CPU
		{6006A161-AA4A-47B5-9A49-BB3A423EC779}.ReleaseNPFE|x86.ActiveCfg = Release|Any CPU
		{6006A161-AA4A-47B5-9A49-BB3A423EC779}.ReleaseNPFE|x86.Build.0 = Release|Any CPU
	EndGlobalSection
	GlobalSection(SolutionProperties) = preSolution
		HideSolutionNode = FALSE
	EndGlobalSection
	GlobalSection(ExtensibilityGlobals) = postSolution
		SolutionGuid = {65E4FC00-AE29-476A-BCE8-5D0418D194BA}
	EndGlobalSection
EndGlobal
